// !$*UTF8*$!
{
	archiveVersion = 1;
	classes = {
	};
	objectVersion = 46;
	objects = {

/* Begin PBXBuildFile section */
		2193ADDB1EBC8608003A1521 /* main.m in Sources */ = {isa = PBXBuildFile; fileRef = 2193ADDA1EBC8608003A1521 /* main.m */; };
		2193ADDE1EBC8608003A1521 /* AppDelegate.m in Sources */ = {isa = PBXBuildFile; fileRef = 2193ADDD1EBC8608003A1521 /* AppDelegate.m */; };
		2193ADE11EBC8608003A1521 /* ViewController.m in Sources */ = {isa = PBXBuildFile; fileRef = 2193ADE01EBC8608003A1521 /* ViewController.m */; };
		2193ADE41EBC8608003A1521 /* Main.storyboard in Resources */ = {isa = PBXBuildFile; fileRef = 2193ADE21EBC8608003A1521 /* Main.storyboard */; };
		2193ADE61EBC8608003A1521 /* Assets.xcassets in Resources */ = {isa = PBXBuildFile; fileRef = 2193ADE51EBC8608003A1521 /* Assets.xcassets */; };
		2193ADE91EBC8608003A1521 /* LaunchScreen.storyboard in Resources */ = {isa = PBXBuildFile; fileRef = 2193ADE71EBC8608003A1521 /* LaunchScreen.storyboard */; };
		2193ADF41EBC8608003A1521 /* splinesTests.m in Sources */ = {isa = PBXBuildFile; fileRef = 2193ADF31EBC8608003A1521 /* splinesTests.m */; };
		2193ADFF1EBC8608003A1521 /* splinesUITests.m in Sources */ = {isa = PBXBuildFile; fileRef = 2193ADFE1EBC8608003A1521 /* splinesUITests.m */; };
		2193AE0E1EBC891C003A1521 /* SplineView.m in Sources */ = {isa = PBXBuildFile; fileRef = 2193AE0D1EBC891C003A1521 /* SplineView.m */; };
/* End PBXBuildFile section */

/* Begin PBXContainerItemProxy section */
		2193ADF01EBC8608003A1521 /* PBXContainerItemProxy */ = {
			isa = PBXContainerItemProxy;
			containerPortal = 2193ADCE1EBC8607003A1521 /* Project object */;
			proxyType = 1;
			remoteGlobalIDString = 2193ADD51EBC8607003A1521;
			remoteInfo = splines;
		};
		2193ADFB1EBC8608003A1521 /* PBXContainerItemProxy */ = {
			isa = PBXContainerItemProxy;
			containerPortal = 2193ADCE1EBC8607003A1521 /* Project object */;
			proxyType = 1;
			remoteGlobalIDString = 2193ADD51EBC8607003A1521;
			remoteInfo = splines;
		};
/* End PBXContainerItemProxy section */

/* Begin PBXFileReference section */
		218FD9261ECA17B800CB2A49 /* bezier.h */ = {isa = PBXFileReference; lastKnownFileType = sourcecode.c.h; path = bezier.h; sourceTree = "<group>"; };
		2193ADD61EBC8608003A1521 /* splines.app */ = {isa = PBXFileReference; explicitFileType = wrapper.application; includeInIndex = 0; path = splines.app; sourceTree = BUILT_PRODUCTS_DIR; };
		2193ADDA1EBC8608003A1521 /* main.m */ = {isa = PBXFileReference; lastKnownFileType = sourcecode.c.objc; path = main.m; sourceTree = "<group>"; };
		2193ADDC1EBC8608003A1521 /* AppDelegate.h */ = {isa = PBXFileReference; lastKnownFileType = sourcecode.c.h; path = AppDelegate.h; sourceTree = "<group>"; };
		2193ADDD1EBC8608003A1521 /* AppDelegate.m */ = {isa = PBXFileReference; lastKnownFileType = sourcecode.c.objc; path = AppDelegate.m; sourceTree = "<group>"; };
		2193ADDF1EBC8608003A1521 /* ViewController.h */ = {isa = PBXFileReference; lastKnownFileType = sourcecode.c.h; path = ViewController.h; sourceTree = "<group>"; };
		2193ADE01EBC8608003A1521 /* ViewController.m */ = {isa = PBXFileReference; lastKnownFileType = sourcecode.c.objc; path = ViewController.m; sourceTree = "<group>"; };
		2193ADE31EBC8608003A1521 /* Base */ = {isa = PBXFileReference; lastKnownFileType = file.storyboard; name = Base; path = Base.lproj/Main.storyboard; sourceTree = "<group>"; };
		2193ADE51EBC8608003A1521 /* Assets.xcassets */ = {isa = PBXFileReference; lastKnownFileType = folder.assetcatalog; path = Assets.xcassets; sourceTree = "<group>"; };
		2193ADE81EBC8608003A1521 /* Base */ = {isa = PBXFileReference; lastKnownFileType = file.storyboard; name = Base; path = Base.lproj/LaunchScreen.storyboard; sourceTree = "<group>"; };
		2193ADEA1EBC8608003A1521 /* Info.plist */ = {isa = PBXFileReference; lastKnownFileType = text.plist.xml; path = Info.plist; sourceTree = "<group>"; };
		2193ADEF1EBC8608003A1521 /* splinesTests.xctest */ = {isa = PBXFileReference; explicitFileType = wrapper.cfbundle; includeInIndex = 0; path = splinesTests.xctest; sourceTree = BUILT_PRODUCTS_DIR; };
		2193ADF31EBC8608003A1521 /* splinesTests.m */ = {isa = PBXFileReference; lastKnownFileType = sourcecode.c.objc; path = splinesTests.m; sourceTree = "<group>"; };
		2193ADF51EBC8608003A1521 /* Info.plist */ = {isa = PBXFileReference; lastKnownFileType = text.plist.xml; path = Info.plist; sourceTree = "<group>"; };
		2193ADFA1EBC8608003A1521 /* splinesUITests.xctest */ = {isa = PBXFileReference; explicitFileType = wrapper.cfbundle; includeInIndex = 0; path = splinesUITests.xctest; sourceTree = BUILT_PRODUCTS_DIR; };
		2193ADFE1EBC8608003A1521 /* splinesUITests.m */ = {isa = PBXFileReference; lastKnownFileType = sourcecode.c.objc; path = splinesUITests.m; sourceTree = "<group>"; };
		2193AE001EBC8608003A1521 /* Info.plist */ = {isa = PBXFileReference; lastKnownFileType = text.plist.xml; path = Info.plist; sourceTree = "<group>"; };
		2193AE0C1EBC891C003A1521 /* SplineView.h */ = {isa = PBXFileReference; fileEncoding = 4; lastKnownFileType = sourcecode.c.h; path = SplineView.h; sourceTree = "<group>"; };
		2193AE0D1EBC891C003A1521 /* SplineView.m */ = {isa = PBXFileReference; fileEncoding = 4; lastKnownFileType = sourcecode.c.objc; path = SplineView.m; sourceTree = "<group>"; };
/* End PBXFileReference section */

/* Begin PBXFrameworksBuildPhase section */
		2193ADD31EBC8607003A1521 /* Frameworks */ = {
			isa = PBXFrameworksBuildPhase;
			buildActionMask = 2147483647;
			files = (
			);
			runOnlyForDeploymentPostprocessing = 0;
		};
		2193ADEC1EBC8608003A1521 /* Frameworks */ = {
			isa = PBXFrameworksBuildPhase;
			buildActionMask = 2147483647;
			files = (
			);
			runOnlyForDeploymentPostprocessing = 0;
		};
		2193ADF71EBC8608003A1521 /* Frameworks */ = {
			isa = PBXFrameworksBuildPhase;
			buildActionMask = 2147483647;
			files = (
			);
			runOnlyForDeploymentPostprocessing = 0;
		};
/* End PBXFrameworksBuildPhase section */

/* Begin PBXGroup section */
		2193ADCD1EBC8607003A1521 = {
			isa = PBXGroup;
			children = (
				2193ADD81EBC8608003A1521 /* splines */,
				2193ADF21EBC8608003A1521 /* splinesTests */,
				2193ADFD1EBC8608003A1521 /* splinesUITests */,
				2193ADD71EBC8608003A1521 /* Products */,
			);
			sourceTree = "<group>";
		};
		2193ADD71EBC8608003A1521 /* Products */ = {
			isa = PBXGroup;
			children = (
				2193ADD61EBC8608003A1521 /* splines.app */,
				2193ADEF1EBC8608003A1521 /* splinesTests.xctest */,
				2193ADFA1EBC8608003A1521 /* splinesUITests.xctest */,
			);
			name = Products;
			sourceTree = "<group>";
		};
		2193ADD81EBC8608003A1521 /* splines */ = {
			isa = PBXGroup;
			children = (
				2193ADDC1EBC8608003A1521 /* AppDelegate.h */,
				2193ADDD1EBC8608003A1521 /* AppDelegate.m */,
				2193ADDF1EBC8608003A1521 /* ViewController.h */,
				2193ADE01EBC8608003A1521 /* ViewController.m */,
				218FD9261ECA17B800CB2A49 /* bezier.h */,
				2193AE0C1EBC891C003A1521 /* SplineView.h */,
				2193AE0D1EBC891C003A1521 /* SplineView.m */,
				2193ADE21EBC8608003A1521 /* Main.storyboard */,
				2193ADE51EBC8608003A1521 /* Assets.xcassets */,
				2193ADE71EBC8608003A1521 /* LaunchScreen.storyboard */,
				2193ADEA1EBC8608003A1521 /* Info.plist */,
				2193ADD91EBC8608003A1521 /* Supporting Files */,
			);
			path = splines;
			sourceTree = "<group>";
		};
		2193ADD91EBC8608003A1521 /* Supporting Files */ = {
			isa = PBXGroup;
			children = (
				2193ADDA1EBC8608003A1521 /* main.m */,
			);
			name = "Supporting Files";
			sourceTree = "<group>";
		};
		2193ADF21EBC8608003A1521 /* splinesTests */ = {
			isa = PBXGroup;
			children = (
				2193ADF31EBC8608003A1521 /* splinesTests.m */,
				2193ADF51EBC8608003A1521 /* Info.plist */,
			);
			path = splinesTests;
			sourceTree = "<group>";
		};
		2193ADFD1EBC8608003A1521 /* splinesUITests */ = {
			isa = PBXGroup;
			children = (
				2193ADFE1EBC8608003A1521 /* splinesUITests.m */,
				2193AE001EBC8608003A1521 /* Info.plist */,
			);
			path = splinesUITests;
			sourceTree = "<group>";
		};
/* End PBXGroup section */

/* Begin PBXNativeTarget section */
		2193ADD51EBC8607003A1521 /* splines */ = {
			isa = PBXNativeTarget;
			buildConfigurationList = 2193AE031EBC8608003A1521 /* Build configuration list for PBXNativeTarget "splines" */;
			buildPhases = (
				2193ADD21EBC8607003A1521 /* Sources */,
				2193ADD31EBC8607003A1521 /* Frameworks */,
				2193ADD41EBC8607003A1521 /* Resources */,
			);
			buildRules = (
			);
			dependencies = (
			);
			name = splines;
			productName = splines;
			productReference = 2193ADD61EBC8608003A1521 /* splines.app */;
			productType = "com.apple.product-type.application";
		};
		2193ADEE1EBC8608003A1521 /* splinesTests */ = {
			isa = PBXNativeTarget;
			buildConfigurationList = 2193AE061EBC8608003A1521 /* Build configuration list for PBXNativeTarget "splinesTests" */;
			buildPhases = (
				2193ADEB1EBC8608003A1521 /* Sources */,
				2193ADEC1EBC8608003A1521 /* Frameworks */,
				2193ADED1EBC8608003A1521 /* Resources */,
			);
			buildRules = (
			);
			dependencies = (
				2193ADF11EBC8608003A1521 /* PBXTargetDependency */,
			);
			name = splinesTests;
			productName = splinesTests;
			productReference = 2193ADEF1EBC8608003A1521 /* splinesTests.xctest */;
			productType = "com.apple.product-type.bundle.unit-test";
		};
		2193ADF91EBC8608003A1521 /* splinesUITests */ = {
			isa = PBXNativeTarget;
			buildConfigurationList = 2193AE091EBC8608003A1521 /* Build configuration list for PBXNativeTarget "splinesUITests" */;
			buildPhases = (
				2193ADF61EBC8608003A1521 /* Sources */,
				2193ADF71EBC8608003A1521 /* Frameworks */,
				2193ADF81EBC8608003A1521 /* Resources */,
			);
			buildRules = (
			);
			dependencies = (
				2193ADFC1EBC8608003A1521 /* PBXTargetDependency */,
			);
			name = splinesUITests;
			productName = splinesUITests;
			productReference = 2193ADFA1EBC8608003A1521 /* splinesUITests.xctest */;
			productType = "com.apple.product-type.bundle.ui-testing";
		};
/* End PBXNativeTarget section */

/* Begin PBXProject section */
		2193ADCE1EBC8607003A1521 /* Project object */ = {
			isa = PBXProject;
			attributes = {
				LastUpgradeCheck = 0830;
				ORGANIZATIONNAME = Oluwapelumi;
				TargetAttributes = {
					2193ADD51EBC8607003A1521 = {
						CreatedOnToolsVersion = 8.3.2;
						ProvisioningStyle = Automatic;
					};
					2193ADEE1EBC8608003A1521 = {
						CreatedOnToolsVersion = 8.3.2;
						ProvisioningStyle = Automatic;
						TestTargetID = 2193ADD51EBC8607003A1521;
					};
					2193ADF91EBC8608003A1521 = {
						CreatedOnToolsVersion = 8.3.2;
						ProvisioningStyle = Automatic;
						TestTargetID = 2193ADD51EBC8607003A1521;
					};
				};
			};
			buildConfigurationList = 2193ADD11EBC8607003A1521 /* Build configuration list for PBXProject "splines" */;
			compatibilityVersion = "Xcode 3.2";
			developmentRegion = English;
			hasScannedForEncodings = 0;
			knownRegions = (
				en,
				Base,
			);
			mainGroup = 2193ADCD1EBC8607003A1521;
			productRefGroup = 2193ADD71EBC8608003A1521 /* Products */;
			projectDirPath = "";
			projectRoot = "";
			targets = (
				2193ADD51EBC8607003A1521 /* splines */,
				2193ADEE1EBC8608003A1521 /* splinesTests */,
				2193ADF91EBC8608003A1521 /* splinesUITests */,
			);
		};
/* End PBXProject section */

/* Begin PBXResourcesBuildPhase section */
		2193ADD41EBC8607003A1521 /* Resources */ = {
			isa = PBXResourcesBuildPhase;
			buildActionMask = 2147483647;
			files = (
				2193ADE91EBC8608003A1521 /* LaunchScreen.storyboard in Resources */,
				2193ADE61EBC8608003A1521 /* Assets.xcassets in Resources */,
				2193ADE41EBC8608003A1521 /* Main.storyboard in Resources */,
			);
			runOnlyForDeploymentPostprocessing = 0;
		};
		2193ADED1EBC8608003A1521 /* Resources */ = {
			isa = PBXResourcesBuildPhase;
			buildActionMask = 2147483647;
			files = (
			);
			runOnlyForDeploymentPostprocessing = 0;
		};
		2193ADF81EBC8608003A1521 /* Resources */ = {
			isa = PBXResourcesBuildPhase;
			buildActionMask = 2147483647;
			files = (
			);
			runOnlyForDeploymentPostprocessing = 0;
		};
/* End PBXResourcesBuildPhase section */

/* Begin PBXSourcesBuildPhase section */
		2193ADD21EBC8607003A1521 /* Sources */ = {
			isa = PBXSourcesBuildPhase;
			buildActionMask = 2147483647;
			files = (
				2193ADE11EBC8608003A1521 /* ViewController.m in Sources */,
				2193AE0E1EBC891C003A1521 /* SplineView.m in Sources */,
				2193ADDE1EBC8608003A1521 /* AppDelegate.m in Sources */,
				2193ADDB1EBC8608003A1521 /* main.m in Sources */,
			);
			runOnlyForDeploymentPostprocessing = 0;
		};
		2193ADEB1EBC8608003A1521 /* Sources */ = {
			isa = PBXSourcesBuildPhase;
			buildActionMask = 2147483647;
			files = (
				2193ADF41EBC8608003A1521 /* splinesTests.m in Sources */,
			);
			runOnlyForDeploymentPostprocessing = 0;
		};
		2193ADF61EBC8608003A1521 /* Sources */ = {
			isa = PBXSourcesBuildPhase;
			buildActionMask = 2147483647;
			files = (
				2193ADFF1EBC8608003A1521 /* splinesUITests.m in Sources */,
			);
			runOnlyForDeploymentPostprocessing = 0;
		};
/* End PBXSourcesBuildPhase section */

/* Begin PBXTargetDependency section */
		2193ADF11EBC8608003A1521 /* PBXTargetDependency */ = {
			isa = PBXTargetDependency;
			target = 2193ADD51EBC8607003A1521 /* splines */;
			targetProxy = 2193ADF01EBC8608003A1521 /* PBXContainerItemProxy */;
		};
		2193ADFC1EBC8608003A1521 /* PBXTargetDependency */ = {
			isa = PBXTargetDependency;
			target = 2193ADD51EBC8607003A1521 /* splines */;
			targetProxy = 2193ADFB1EBC8608003A1521 /* PBXContainerItemProxy */;
		};
/* End PBXTargetDependency section */

/* Begin PBXVariantGroup section */
		2193ADE21EBC8608003A1521 /* Main.storyboard */ = {
			isa = PBXVariantGroup;
			children = (
				2193ADE31EBC8608003A1521 /* Base */,
			);
			name = Main.storyboard;
			sourceTree = "<group>";
		};
		2193ADE71EBC8608003A1521 /* LaunchScreen.storyboard */ = {
			isa = PBXVariantGroup;
			children = (
				2193ADE81EBC8608003A1521 /* Base */,
			);
			name = LaunchScreen.storyboard;
			sourceTree = "<group>";
		};
/* End PBXVariantGroup section */

/* Begin XCBuildConfiguration section */
		2193AE011EBC8608003A1521 /* Debug */ = {
			isa = XCBuildConfiguration;
			buildSettings = {
				ALWAYS_SEARCH_USER_PATHS = NO;
				CLANG_ANALYZER_NONNULL = YES;
				CLANG_ANALYZER_NUMBER_OBJECT_CONVERSION = YES_AGGRESSIVE;
				CLANG_CXX_LANGUAGE_STANDARD = "gnu++0x";
				CLANG_CXX_LIBRARY = "libc++";
				CLANG_ENABLE_MODULES = YES;
				CLANG_ENABLE_OBJC_ARC = YES;
				CLANG_WARN_BOOL_CONVERSION = YES;
				CLANG_WARN_CONSTANT_CONVERSION = YES;
				CLANG_WARN_DIRECT_OBJC_ISA_USAGE = YES_ERROR;
				CLANG_WARN_DOCUMENTATION_COMMENTS = YES;
				CLANG_WARN_EMPTY_BODY = YES;
				CLANG_WARN_ENUM_CONVERSION = YES;
				CLANG_WARN_INFINITE_RECURSION = YES;
				CLANG_WARN_INT_CONVERSION = YES;
				CLANG_WARN_OBJC_ROOT_CLASS = YES_ERROR;
				CLANG_WARN_SUSPICIOUS_MOVE = YES;
				CLANG_WARN_UNREACHABLE_CODE = YES;
				CLANG_WARN__DUPLICATE_METHOD_MATCH = YES;
				"CODE_SIGN_IDENTITY[sdk=iphoneos*]" = "iPhone Developer";
				COPY_PHASE_STRIP = NO;
				DEBUG_INFORMATION_FORMAT = dwarf;
				ENABLE_STRICT_OBJC_MSGSEND = YES;
				ENABLE_TESTABILITY = YES;
				GCC_C_LANGUAGE_STANDARD = gnu99;
				GCC_DYNAMIC_NO_PIC = NO;
				GCC_NO_COMMON_BLOCKS = YES;
				GCC_OPTIMIZATION_LEVEL = 0;
				GCC_PREPROCESSOR_DEFINITIONS = (
					"DEBUG=1",
					"$(inherited)",
				);
				GCC_WARN_64_TO_32_BIT_CONVERSION = YES;
				GCC_WARN_ABOUT_RETURN_TYPE = YES_ERROR;
				GCC_WARN_UNDECLARED_SELECTOR = YES;
				GCC_WARN_UNINITIALIZED_AUTOS = YES_AGGRESSIVE;
				GCC_WARN_UNUSED_FUNCTION = YES;
				GCC_WARN_UNUSED_VARIABLE = YES;
				IPHONEOS_DEPLOYMENT_TARGET = 10.3;
				MTL_ENABLE_DEBUG_INFO = YES;
				ONLY_ACTIVE_ARCH = YES;
				SDKROOT = iphoneos;
				TARGETED_DEVICE_FAMILY = "1,2";
			};
			name = Debug;
		};
		2193AE021EBC8608003A1521 /* Release */ = {
			isa = XCBuildConfiguration;
			buildSettings = {
				ALWAYS_SEARCH_USER_PATHS = NO;
				CLANG_ANALYZER_NONNULL = YES;
				CLANG_ANALYZER_NUMBER_OBJECT_CONVERSION = YES_AGGRESSIVE;
				CLANG_CXX_LANGUAGE_STANDARD = "gnu++0x";
				CLANG_CXX_LIBRARY = "libc++";
				CLANG_ENABLE_MODULES = YES;
				CLANG_ENABLE_OBJC_ARC = YES;
				CLANG_WARN_BOOL_CONVERSION = YES;
				CLANG_WARN_CONSTANT_CONVERSION = YES;
				CLANG_WARN_DIRECT_OBJC_ISA_USAGE = YES_ERROR;
				CLANG_WARN_DOCUMENTATION_COMMENTS = YES;
				CLANG_WARN_EMPTY_BODY = YES;
				CLANG_WARN_ENUM_CONVERSION = YES;
				CLANG_WARN_INFINITE_RECURSION = YES;
				CLANG_WARN_INT_CONVERSION = YES;
				CLANG_WARN_OBJC_ROOT_CLASS = YES_ERROR;
				CLANG_WARN_SUSPICIOUS_MOVE = YES;
				CLANG_WARN_UNREACHABLE_CODE = YES;
				CLANG_WARN__DUPLICATE_METHOD_MATCH = YES;
				"CODE_SIGN_IDENTITY[sdk=iphoneos*]" = "iPhone Developer";
				COPY_PHASE_STRIP = NO;
				DEBUG_INFORMATION_FORMAT = "dwarf-with-dsym";
				ENABLE_NS_ASSERTIONS = NO;
				ENABLE_STRICT_OBJC_MSGSEND = YES;
				GCC_C_LANGUAGE_STANDARD = gnu99;
				GCC_NO_COMMON_BLOCKS = YES;
				GCC_WARN_64_TO_32_BIT_CONVERSION = YES;
				GCC_WARN_ABOUT_RETURN_TYPE = YES_ERROR;
				GCC_WARN_UNDECLARED_SELECTOR = YES;
				GCC_WARN_UNINITIALIZED_AUTOS = YES_AGGRESSIVE;
				GCC_WARN_UNUSED_FUNCTION = YES;
				GCC_WARN_UNUSED_VARIABLE = YES;
				IPHONEOS_DEPLOYMENT_TARGET = 10.3;
				MTL_ENABLE_DEBUG_INFO = NO;
				SDKROOT = iphoneos;
				TARGETED_DEVICE_FAMILY = "1,2";
				VALIDATE_PRODUCT = YES;
			};
			name = Release;
		};
		2193AE041EBC8608003A1521 /* Debug */ = {
			isa = XCBuildConfiguration;
			buildSettings = {
				ASSETCATALOG_COMPILER_APPICON_NAME = AppIcon;
				INFOPLIST_FILE = splines/Info.plist;
				LD_RUNPATH_SEARCH_PATHS = "$(inherited) @executable_path/Frameworks";
				PRODUCT_BUNDLE_IDENTIFIER = com.oracletech.splines;
				PRODUCT_NAME = "$(TARGET_NAME)";
			};
			name = Debug;
		};
		2193AE051EBC8608003A1521 /* Release */ = {
			isa = XCBuildConfiguration;
			buildSettings = {
				ASSETCATALOG_COMPILER_APPICON_NAME = AppIcon;
				INFOPLIST_FILE = splines/Info.plist;
				LD_RUNPATH_SEARCH_PATHS = "$(inherited) @executable_path/Frameworks";
				PRODUCT_BUNDLE_IDENTIFIER = com.oracletech.splines;
				PRODUCT_NAME = "$(TARGET_NAME)";
			};
			name = Release;
		};
		2193AE071EBC8608003A1521 /* Debug */ = {
			isa = XCBuildConfiguration;
			buildSettings = {
				BUNDLE_LOADER = "$(TEST_HOST)";
				INFOPLIST_FILE = splinesTests/Info.plist;
				LD_RUNPATH_SEARCH_PATHS = "$(inherited) @executable_path/Frameworks @loader_path/Frameworks";
				PRODUCT_BUNDLE_IDENTIFIER = com.oracletech.splinesTests;
				PRODUCT_NAME = "$(TARGET_NAME)";
				TEST_HOST = "$(BUILT_PRODUCTS_DIR)/splines.app/splines";
			};
			name = Debug;
		};
		2193AE081EBC8608003A1521 /* Release */ = {
			isa = XCBuildConfiguration;
			buildSettings = {
				BUNDLE_LOADER = "$(TEST_HOST)";
				INFOPLIST_FILE = splinesTests/Info.plist;
				LD_RUNPATH_SEARCH_PATHS = "$(inherited) @executable_path/Frameworks @loader_path/Frameworks";
				PRODUCT_BUNDLE_IDENTIFIER = com.oracletech.splinesTests;
				PRODUCT_NAME = "$(TARGET_NAME)";
				TEST_HOST = "$(BUILT_PRODUCTS_DIR)/splines.app/splines";
			};
			name = Release;
		};
		2193AE0A1EBC8608003A1521 /* Debug */ = {
			isa = XCBuildConfiguration;
			buildSettings = {
				INFOPLIST_FILE = splinesUITests/Info.plist;
				LD_RUNPATH_SEARCH_PATHS = "$(inherited) @executable_path/Frameworks @loader_path/Frameworks";
				PRODUCT_BUNDLE_IDENTIFIER = com.oracletech.splinesUITests;
				PRODUCT_NAME = "$(TARGET_NAME)";
				TEST_TARGET_NAME = splines;
			};
			name = Debug;
		};
		2193AE0B1EBC8608003A1521 /* Release */ = {
			isa = XCBuildConfiguration;
			buildSettings = {
				INFOPLIST_FILE = splinesUITests/Info.plist;
				LD_RUNPATH_SEARCH_PATHS = "$(inherited) @executable_path/Frameworks @loader_path/Frameworks";
				PRODUCT_BUNDLE_IDENTIFIER = com.oracletech.splinesUITests;
				PRODUCT_NAME = "$(TARGET_NAME)";
				TEST_TARGET_NAME = splines;
			};
			name = Release;
		};
/* End XCBuildConfiguration section */

/* Begin XCConfigurationList section */
		2193ADD11EBC8607003A1521 /* Build configuration list for PBXProject "splines" */ = {
			isa = XCConfigurationList;
			buildConfigurations = (
				2193AE011EBC8608003A1521 /* Debug */,
				2193AE021EBC8608003A1521 /* Release */,
			);
			defaultConfigurationIsVisible = 0;
			defaultConfigurationName = Release;
		};
		2193AE031EBC8608003A1521 /* Build configuration list for PBXNativeTarget "splines" */ = {
			isa = XCConfigurationList;
			buildConfigurations = (
				2193AE041EBC8608003A1521 /* Debug */,
				2193AE051EBC8608003A1521 /* Release */,
			);
			defaultConfigurationIsVisible = 0;
			defaultConfigurationName = Release;
		};
		2193AE061EBC8608003A1521 /* Build configuration list for PBXNativeTarget "splinesTests" */ = {
			isa = XCConfigurationList;
			buildConfigurations = (
				2193AE071EBC8608003A1521 /* Debug */,
				2193AE081EBC8608003A1521 /* Release */,
			);
			defaultConfigurationIsVisible = 0;
			defaultConfigurationName = Release;
		};
		2193AE091EBC8608003A1521 /* Build configuration list for PBXNativeTarget "splinesUITests" */ = {
			isa = XCConfigurationList;
			buildConfigurations = (
				2193AE0A1EBC8608003A1521 /* Debug */,
				2193AE0B1EBC8608003A1521 /* Release */,
			);
			defaultConfigurationIsVisible = 0;
			defaultConfigurationName = Release;
		};
/* End XCConfigurationList section */
	};
	rootObject = 2193ADCE1EBC8607003A1521 /* Project object */;
}
